Microsoft Visual Studio Solution File, Format Version 12.00
# Visual Studio Version 17
VisualStudioVersion = 17.5.2.0
MinimumVisualStudioVersion = 10.0.40219.1
Project("{FAE04EC0-301F-11D3-BF4B-00C04F79EFBC}") = "HelloZiraat.Web", "HelloZiraat.Web.csproj", "{FF2EB8A6-60D8-1EC3-8751-D8FF5DF15F0E}"
EndProject
Global
	GlobalSection(SolutionConfigurationPlatforms) = preSolution
		Debug|Any CPU = Debug|Any CPU
		Release|Any CPU = Release|Any CPU
	EndGlobalSection
	GlobalSection(ProjectConfigurationPlatforms) = postSolution
		{FF2EB8A6-60D8-1EC3-8751-D8FF5DF15F0E}.Debug|Any CPU.ActiveCfg = Debug|Any CPU
		{FF2EB8A6-60D8-1EC3-8751-D8FF5DF15F0E}.Debug|Any CPU.Build.0 = Debug|Any CPU
		{FF2EB8A6-60D8-1EC3-8751-D8FF5DF15F0E}.Release|Any CPU.ActiveCfg = Release|Any CPU
		{FF2EB8A6-60D8-1EC3-8751-D8FF5DF15F0E}.Release|Any CPU.Build.0 = Release|Any CPU
	EndGlobalSection
	GlobalSection(SolutionProperties) = preSolution
		HideSolutionNode = FALSE
	EndGlobalSection
	GlobalSection(ExtensibilityGlobals) = postSolution
		SolutionGuid = {3F6DE8E2-5147-491D-83AC-D670F8221A42}
	EndGlobalSection
EndGlobal
